// !$*UTF8*$!
{
	archiveVersion = 1;
	classes = {
	};
	objectVersion = 46;
	objects = {

/* Begin PBXBuildFile section */
		ED42A1AA1E135DE200FF5560 /* main.c in Sources */ = {isa = PBXBuildFile; fileRef = ED42A1A91E135DE200FF5560 /* main.c */; };
		ED42A1B31E13630E00FF5560 /* vector.c in Sources */ = {isa = PBXBuildFile; fileRef = ED42A1B21E13630E00FF5560 /* vector.c */; };
		ED42A1C11E13831700FF5560 /* keyword.inc in Sources */ = {isa = PBXBuildFile; fileRef = ED42A1C01E13831700FF5560 /* keyword.inc */; };
		ED42A1C31E138E8A00FF5560 /* set.c in Sources */ = {isa = PBXBuildFile; fileRef = ED42A1C21E138E8A00FF5560 /* set.c */; };
		ED42A1C51E13904F00FF5560 /* map.c in Sources */ = {isa = PBXBuildFile; fileRef = ED42A1C41E13904F00FF5560 /* map.c */; };
		ED42A1C71E13986B00FF5560 /* dict.c in Sources */ = {isa = PBXBuildFile; fileRef = ED42A1C61E13986B00FF5560 /* dict.c */; };
		ED42A1C91E139D0100FF5560 /* buffer.c in Sources */ = {isa = PBXBuildFile; fileRef = ED42A1C81E139D0100FF5560 /* buffer.c */; };
		ED42A1CB1E13A14A00FF5560 /* error.c in Sources */ = {isa = PBXBuildFile; fileRef = ED42A1CA1E13A14A00FF5560 /* error.c */; };
		ED42A1CD1E13A1DC00FF5560 /* path.c in Sources */ = {isa = PBXBuildFile; fileRef = ED42A1CC1E13A1DC00FF5560 /* path.c */; };
		ED42A1CF1E13A88700FF5560 /* debug.c in Sources */ = {isa = PBXBuildFile; fileRef = ED42A1CE1E13A88700FF5560 /* debug.c */; };
		ED42A1D11E13DBF700FF5560 /* encoding.c in Sources */ = {isa = PBXBuildFile; fileRef = ED42A1D01E13DBF700FF5560 /* encoding.c */; };
/* End PBXBuildFile section */

/* Begin PBXCopyFilesBuildPhase section */
		ED42A1A41E135DE200FF5560 /* CopyFiles */ = {
			isa = PBXCopyFilesBuildPhase;
			buildActionMask = 2147483647;
			dstPath = /usr/share/man/man1/;
			dstSubfolderSpec = 0;
			files = (
			);
			runOnlyForDeploymentPostprocessing = 1;
		};
/* End PBXCopyFilesBuildPhase section */

/* Begin PBXFileReference section */
		ED42A1A61E135DE200FF5560 /* C_Compiler */ = {isa = PBXFileReference; explicitFileType = "compiled.mach-o.executable"; includeInIndex = 0; path = C_Compiler; sourceTree = BUILT_PRODUCTS_DIR; };
		ED42A1A91E135DE200FF5560 /* main.c */ = {isa = PBXFileReference; lastKnownFileType = sourcecode.c.c; path = main.c; sourceTree = "<group>"; };
		ED42A1B01E135F5000FF5560 /* .gitignore */ = {isa = PBXFileReference; fileEncoding = 4; lastKnownFileType = text; path = .gitignore; sourceTree = "<group>"; };
		ED42A1B21E13630E00FF5560 /* vector.c */ = {isa = PBXFileReference; fileEncoding = 4; lastKnownFileType = sourcecode.c.c; path = vector.c; sourceTree = "<group>"; };
		ED42A1B71E13643D00FF5560 /* C_Compiler.h */ = {isa = PBXFileReference; lastKnownFileType = sourcecode.c.h; name = C_Compiler.h; path = include/C_Compiler.h; sourceTree = "<group>"; };
		ED42A1B81E13651400FF5560 /* float.h */ = {isa = PBXFileReference; lastKnownFileType = sourcecode.c.h; name = float.h; path = include/float.h; sourceTree = "<group>"; };
		ED42A1B91E1365D900FF5560 /* iso646.h */ = {isa = PBXFileReference; lastKnownFileType = sourcecode.c.h; name = iso646.h; path = include/iso646.h; sourceTree = "<group>"; };
		ED42A1BA1E13660900FF5560 /* stdalign.h */ = {isa = PBXFileReference; lastKnownFileType = sourcecode.c.h; name = stdalign.h; path = include/stdalign.h; sourceTree = "<group>"; };
		ED42A1BB1E13665900FF5560 /* stdarg.h */ = {isa = PBXFileReference; lastKnownFileType = sourcecode.c.h; name = stdarg.h; path = include/stdarg.h; sourceTree = "<group>"; };
		ED42A1BC1E1366CB00FF5560 /* stdbool.h */ = {isa = PBXFileReference; lastKnownFileType = sourcecode.c.h; name = stdbool.h; path = include/stdbool.h; sourceTree = "<group>"; };
		ED42A1BD1E1366F700FF5560 /* stddef.h */ = {isa = PBXFileReference; lastKnownFileType = sourcecode.c.h; name = stddef.h; path = include/stddef.h; sourceTree = "<group>"; };
		ED42A1BE1E13671400FF5560 /* stdnoreturn.h */ = {isa = PBXFileReference; lastKnownFileType = sourcecode.c.h; name = stdnoreturn.h; path = include/stdnoreturn.h; sourceTree = "<group>"; };
		ED42A1BF1E137EA100FF5560 /* C_Compiler.h */ = {isa = PBXFileReference; lastKnownFileType = sourcecode.c.h; path = C_Compiler.h; sourceTree = "<group>"; };
		ED42A1C01E13831700FF5560 /* keyword.inc */ = {isa = PBXFileReference; fileEncoding = 4; lastKnownFileType = sourcecode.pascal; path = keyword.inc; sourceTree = "<group>"; };
		ED42A1C21E138E8A00FF5560 /* set.c */ = {isa = PBXFileReference; fileEncoding = 4; lastKnownFileType = sourcecode.c.c; path = set.c; sourceTree = "<group>"; };
		ED42A1C41E13904F00FF5560 /* map.c */ = {isa = PBXFileReference; fileEncoding = 4; lastKnownFileType = sourcecode.c.c; path = map.c; sourceTree = "<group>"; };
		ED42A1C61E13986B00FF5560 /* dict.c */ = {isa = PBXFileReference; fileEncoding = 4; lastKnownFileType = sourcecode.c.c; path = dict.c; sourceTree = "<group>"; };
		ED42A1C81E139D0100FF5560 /* buffer.c */ = {isa = PBXFileReference; fileEncoding = 4; lastKnownFileType = sourcecode.c.c; path = buffer.c; sourceTree = "<group>"; };
		ED42A1CA1E13A14A00FF5560 /* error.c */ = {isa = PBXFileReference; fileEncoding = 4; lastKnownFileType = sourcecode.c.c; path = error.c; sourceTree = "<group>"; };
		ED42A1CC1E13A1DC00FF5560 /* path.c */ = {isa = PBXFileReference; fileEncoding = 4; lastKnownFileType = sourcecode.c.c; path = path.c; sourceTree = "<group>"; };
		ED42A1CE1E13A88700FF5560 /* debug.c */ = {isa = PBXFileReference; fileEncoding = 4; lastKnownFileType = sourcecode.c.c; path = debug.c; sourceTree = "<group>"; };
		ED42A1D01E13DBF700FF5560 /* encoding.c */ = {isa = PBXFileReference; fileEncoding = 4; lastKnownFileType = sourcecode.c.c; path = encoding.c; sourceTree = "<group>"; };
/* End PBXFileReference section */

/* Begin PBXFrameworksBuildPhase section */
		ED42A1A31E135DE200FF5560 /* Frameworks */ = {
			isa = PBXFrameworksBuildPhase;
			buildActionMask = 2147483647;
			files = (
			);
			runOnlyForDeploymentPostprocessing = 0;
		};
/* End PBXFrameworksBuildPhase section */

/* Begin PBXGroup section */
		ED42A19D1E135DE200FF5560 = {
			isa = PBXGroup;
			children = (
				ED42A1B01E135F5000FF5560 /* .gitignore */,
				ED42A1A81E135DE200FF5560 /* C_Compiler */,
				ED42A1A71E135DE200FF5560 /* Products */,
			);
			sourceTree = "<group>";
		};
		ED42A1A71E135DE200FF5560 /* Products */ = {
			isa = PBXGroup;
			children = (
				ED42A1A61E135DE200FF5560 /* C_Compiler */,
			);
			name = Products;
			sourceTree = "<group>";
		};
		ED42A1A81E135DE200FF5560 /* C_Compiler */ = {
			isa = PBXGroup;
			children = (
				ED42A1B61E1363D600FF5560 /* include */,
				ED42A1A91E135DE200FF5560 /* main.c */,
				ED42A1B21E13630E00FF5560 /* vector.c */,
				ED42A1BF1E137EA100FF5560 /* C_Compiler.h */,
				ED42A1C01E13831700FF5560 /* keyword.inc */,
				ED42A1C21E138E8A00FF5560 /* set.c */,
				ED42A1C41E13904F00FF5560 /* map.c */,
				ED42A1C61E13986B00FF5560 /* dict.c */,
				ED42A1C81E139D0100FF5560 /* buffer.c */,
				ED42A1CA1E13A14A00FF5560 /* error.c */,
				ED42A1CC1E13A1DC00FF5560 /* path.c */,
				ED42A1CE1E13A88700FF5560 /* debug.c */,
				ED42A1D01E13DBF700FF5560 /* encoding.c */,
			);
			path = C_Compiler;
			sourceTree = "<group>";
		};
		ED42A1B61E1363D600FF5560 /* include */ = {
			isa = PBXGroup;
			children = (
				ED42A1B71E13643D00FF5560 /* C_Compiler.h */,
				ED42A1B81E13651400FF5560 /* float.h */,
				ED42A1B91E1365D900FF5560 /* iso646.h */,
				ED42A1BA1E13660900FF5560 /* stdalign.h */,
				ED42A1BB1E13665900FF5560 /* stdarg.h */,
				ED42A1BC1E1366CB00FF5560 /* stdbool.h */,
				ED42A1BD1E1366F700FF5560 /* stddef.h */,
				ED42A1BE1E13671400FF5560 /* stdnoreturn.h */,
			);
			name = include;
			sourceTree = "<group>";
		};
/* End PBXGroup section */

/* Begin PBXNativeTarget section */
		ED42A1A51E135DE200FF5560 /* C_Compiler */ = {
			isa = PBXNativeTarget;
			buildConfigurationList = ED42A1AD1E135DE200FF5560 /* Build configuration list for PBXNativeTarget "C_Compiler" */;
			buildPhases = (
				ED42A1A21E135DE200FF5560 /* Sources */,
				ED42A1A31E135DE200FF5560 /* Frameworks */,
				ED42A1A41E135DE200FF5560 /* CopyFiles */,
			);
			buildRules = (
			);
			dependencies = (
			);
			name = C_Compiler;
			productName = C_Compiler;
			productReference = ED42A1A61E135DE200FF5560 /* C_Compiler */;
			productType = "com.apple.product-type.tool";
		};
/* End PBXNativeTarget section */

/* Begin PBXProject section */
		ED42A19E1E135DE200FF5560 /* Project object */ = {
			isa = PBXProject;
			attributes = {
				LastUpgradeCheck = 0730;
				ORGANIZATIONNAME = "张少雄";
				TargetAttributes = {
					ED42A1A51E135DE200FF5560 = {
						CreatedOnToolsVersion = 7.3.1;
					};
				};
			};
			buildConfigurationList = ED42A1A11E135DE200FF5560 /* Build configuration list for PBXProject "C_Compiler" */;
			compatibilityVersion = "Xcode 3.2";
			developmentRegion = English;
			hasScannedForEncodings = 0;
			knownRegions = (
				en,
			);
			mainGroup = ED42A19D1E135DE200FF5560;
			productRefGroup = ED42A1A71E135DE200FF5560 /* Products */;
			projectDirPath = "";
			projectRoot = "";
			targets = (
				ED42A1A51E135DE200FF5560 /* C_Compiler */,
			);
		};
/* End PBXProject section */

/* Begin PBXSourcesBuildPhase section */
		ED42A1A21E135DE200FF5560 /* Sources */ = {
			isa = PBXSourcesBuildPhase;
			buildActionMask = 2147483647;
			files = (
				ED42A1C91E139D0100FF5560 /* buffer.c in Sources */,
				ED42A1CF1E13A88700FF5560 /* debug.c in Sources */,
				ED42A1CD1E13A1DC00FF5560 /* path.c in Sources */,
				ED42A1B31E13630E00FF5560 /* vector.c in Sources */,
				ED42A1D11E13DBF700FF5560 /* encoding.c in Sources */,
				ED42A1CB1E13A14A00FF5560 /* error.c in Sources */,
				ED42A1AA1E135DE200FF5560 /* main.c in Sources */,
				ED42A1C51E13904F00FF5560 /* map.c in Sources */,
				ED42A1C71E13986B00FF5560 /* dict.c in Sources */,
				ED42A1C31E138E8A00FF5560 /* set.c in Sources */,
				ED42A1C11E13831700FF5560 /* keyword.inc in Sources */,
			);
			runOnlyForDeploymentPostprocessing = 0;
		};
/* End PBXSourcesBuildPhase section */

/* Begin XCBuildConfiguration section */
		ED42A1AB1E135DE200FF5560 /* Debug */ = {
			isa = XCBuildConfiguration;
			buildSettings = {
				ALWAYS_SEARCH_USER_PATHS = NO;
				CLANG_ANALYZER_NONNULL = YES;
				CLANG_CXX_LANGUAGE_STANDARD = "gnu++0x";
				CLANG_CXX_LIBRARY = "libc++";
				CLANG_ENABLE_MODULES = YES;
				CLANG_ENABLE_OBJC_ARC = YES;
				CLANG_WARN_BOOL_CONVERSION = YES;
				CLANG_WARN_CONSTANT_CONVERSION = YES;
				CLANG_WARN_DIRECT_OBJC_ISA_USAGE = YES_ERROR;
				CLANG_WARN_EMPTY_BODY = YES;
				CLANG_WARN_ENUM_CONVERSION = YES;
				CLANG_WARN_INT_CONVERSION = YES;
				CLANG_WARN_OBJC_ROOT_CLASS = YES_ERROR;
				CLANG_WARN_UNREACHABLE_CODE = YES;
				CLANG_WARN__DUPLICATE_METHOD_MATCH = YES;
				CODE_SIGN_IDENTITY = "-";
				COPY_PHASE_STRIP = NO;
				DEBUG_INFORMATION_FORMAT = dwarf;
				ENABLE_STRICT_OBJC_MSGSEND = YES;
				ENABLE_TESTABILITY = YES;
				GCC_C_LANGUAGE_STANDARD = gnu99;
				GCC_DYNAMIC_NO_PIC = NO;
				GCC_NO_COMMON_BLOCKS = YES;
				GCC_OPTIMIZATION_LEVEL = 0;
				GCC_PREPROCESSOR_DEFINITIONS = (
					"DEBUG=1",
					"$(inherited)",
				);
				GCC_WARN_64_TO_32_BIT_CONVERSION = YES;
				GCC_WARN_ABOUT_RETURN_TYPE = YES_ERROR;
				GCC_WARN_UNDECLARED_SELECTOR = YES;
				GCC_WARN_UNINITIALIZED_AUTOS = YES_AGGRESSIVE;
				GCC_WARN_UNUSED_FUNCTION = YES;
				GCC_WARN_UNUSED_VARIABLE = YES;
				MACOSX_DEPLOYMENT_TARGET = 10.11;
				MTL_ENABLE_DEBUG_INFO = YES;
				ONLY_ACTIVE_ARCH = YES;
				SDKROOT = macosx;
			};
			name = Debug;
		};
		ED42A1AC1E135DE200FF5560 /* Release */ = {
			isa = XCBuildConfiguration;
			buildSettings = {
				ALWAYS_SEARCH_USER_PATHS = NO;
				CLANG_ANALYZER_NONNULL = YES;
				CLANG_CXX_LANGUAGE_STANDARD = "gnu++0x";
				CLANG_CXX_LIBRARY = "libc++";
				CLANG_ENABLE_MODULES = YES;
				CLANG_ENABLE_OBJC_ARC = YES;
				CLANG_WARN_BOOL_CONVERSION = YES;
				CLANG_WARN_CONSTANT_CONVERSION = YES;
				CLANG_WARN_DIRECT_OBJC_ISA_USAGE = YES_ERROR;
				CLANG_WARN_EMPTY_BODY = YES;
				CLANG_WARN_ENUM_CONVERSION = YES;
				CLANG_WARN_INT_CONVERSION = YES;
				CLANG_WARN_OBJC_ROOT_CLASS = YES_ERROR;
				CLANG_WARN_UNREACHABLE_CODE = YES;
				CLANG_WARN__DUPLICATE_METHOD_MATCH = YES;
				CODE_SIGN_IDENTITY = "-";
				COPY_PHASE_STRIP = NO;
				DEBUG_INFORMATION_FORMAT = "dwarf-with-dsym";
				ENABLE_NS_ASSERTIONS = NO;
				ENABLE_STRICT_OBJC_MSGSEND = YES;
				GCC_C_LANGUAGE_STANDARD = gnu99;
				GCC_NO_COMMON_BLOCKS = YES;
				GCC_WARN_64_TO_32_BIT_CONVERSION = YES;
				GCC_WARN_ABOUT_RETURN_TYPE = YES_ERROR;
				GCC_WARN_UNDECLARED_SELECTOR = YES;
				GCC_WARN_UNINITIALIZED_AUTOS = YES_AGGRESSIVE;
				GCC_WARN_UNUSED_FUNCTION = YES;
				GCC_WARN_UNUSED_VARIABLE = YES;
				MACOSX_DEPLOYMENT_TARGET = 10.11;
				MTL_ENABLE_DEBUG_INFO = NO;
				SDKROOT = macosx;
			};
			name = Release;
		};
		ED42A1AE1E135DE200FF5560 /* Debug */ = {
			isa = XCBuildConfiguration;
			buildSettings = {
				PRODUCT_NAME = "$(TARGET_NAME)";
			};
			name = Debug;
		};
		ED42A1AF1E135DE200FF5560 /* Release */ = {
			isa = XCBuildConfiguration;
			buildSettings = {
				PRODUCT_NAME = "$(TARGET_NAME)";
			};
			name = Release;
		};
/* End XCBuildConfiguration section */

/* Begin XCConfigurationList section */
		ED42A1A11E135DE200FF5560 /* Build configuration list for PBXProject "C_Compiler" */ = {
			isa = XCConfigurationList;
			buildConfigurations = (
				ED42A1AB1E135DE200FF5560 /* Debug */,
				ED42A1AC1E135DE200FF5560 /* Release */,
			);
			defaultConfigurationIsVisible = 0;
			defaultConfigurationName = Release;
		};
		ED42A1AD1E135DE200FF5560 /* Build configuration list for PBXNativeTarget "C_Compiler" */ = {
			isa = XCConfigurationList;
			buildConfigurations = (
				ED42A1AE1E135DE200FF5560 /* Debug */,
				ED42A1AF1E135DE200FF5560 /* Release */,
			);
			defaultConfigurationIsVisible = 0;
		};
/* End XCConfigurationList section */
	};
	rootObject = ED42A19E1E135DE200FF5560 /* Project object */;
}
